schema: '2.0'
stages:
  process:
    cmd: python scripts/process.py
    deps:
    - path: data/MachineLearningRating_v3.txt
      hash: md5
      md5: f6b7009b68ae21372b7deca9307fbb23
      size: 529363713
    - path: scripts/process.py
      hash: md5
      md5: 2ed24a418fb8b65a290208bb292c4d64
      size: 585
    - path: src/cleaner.py
      hash: md5
      md5: 6302fcd53e01b78bd1fea7016b9cde69
      size: 3866
    outs:
    - path: data/MachineLearningRating_v3_cleaned.txt
      hash: md5
      md5: f2145be87c9a2b22022c8168d92bc15a
      size: 518686981
